
Microsoft Visual Studio Solution File, Format Version 12.00
# Visual Studio Version 17
VisualStudioVersion = 17.5.33530.505
MinimumVisualStudioVersion = 10.0.40219.1
Project("{FAE04EC0-301F-11D3-BF4B-00C04F79EFBC}") = "OOP_12", "OOP_12\OOP_12.csproj", "{9A1573FE-8168-46E0-B40A-F2BC1C40111A}"
EndProject
Global
	GlobalSection(SolutionConfigurationPlatforms) = preSolution
		Debug|Any CPU = Debug|Any CPU
		Release|Any CPU = Release|Any CPU
	EndGlobalSection
	GlobalSection(ProjectConfigurationPlatforms) = postSolution
		{9A1573FE-8168-46E0-B40A-F2BC1C40111A}.Debug|Any CPU.ActiveCfg = Debug|Any CPU
		{9A1573FE-8168-46E0-B40A-F2BC1C40111A}.Debug|Any CPU.Build.0 = Debug|Any CPU
		{9A1573FE-8168-46E0-B40A-F2BC1C40111A}.Release|Any CPU.ActiveCfg = Release|Any CPU
		{9A1573FE-8168-46E0-B40A-F2BC1C40111A}.Release|Any CPU.Build.0 = Release|Any CPU
	EndGlobalSection
	GlobalSection(SolutionProperties) = preSolution
		HideSolutionNode = FALSE
	EndGlobalSection
	GlobalSection(ExtensibilityGlobals) = postSolution
		SolutionGuid = {1247AA74-BBAA-487A-A690-A48D918D83E9}
	EndGlobalSection
EndGlobal
