
Microsoft Visual Studio Solution File, Format Version 12.00
# Visual Studio Version 17
VisualStudioVersion = 17.5.33530.505
MinimumVisualStudioVersion = 10.0.40219.1
Project("{FAE04EC0-301F-11D3-BF4B-00C04F79EFBC}") = "OOP_5", "OOP_5\OOP_5.csproj", "{98BFDE3C-4629-4F36-B8C5-43FDE916849F}"
EndProject
Global
	GlobalSection(SolutionConfigurationPlatforms) = preSolution
		Debug|Any CPU = Debug|Any CPU
		Release|Any CPU = Release|Any CPU
	EndGlobalSection
	GlobalSection(ProjectConfigurationPlatforms) = postSolution
		{98BFDE3C-4629-4F36-B8C5-43FDE916849F}.Debug|Any CPU.ActiveCfg = Debug|Any CPU
		{98BFDE3C-4629-4F36-B8C5-43FDE916849F}.Debug|Any CPU.Build.0 = Debug|Any CPU
		{98BFDE3C-4629-4F36-B8C5-43FDE916849F}.Release|Any CPU.ActiveCfg = Release|Any CPU
		{98BFDE3C-4629-4F36-B8C5-43FDE916849F}.Release|Any CPU.Build.0 = Release|Any CPU
	EndGlobalSection
	GlobalSection(SolutionProperties) = preSolution
		HideSolutionNode = FALSE
	EndGlobalSection
	GlobalSection(ExtensibilityGlobals) = postSolution
		SolutionGuid = {36DEE072-B533-4E80-AF38-F9AC22EF0F05}
	EndGlobalSection
EndGlobal
