
Microsoft Visual Studio Solution File, Format Version 12.00
# Visual Studio Version 17
VisualStudioVersion = 17.5.33530.505
MinimumVisualStudioVersion = 10.0.40219.1
Project("{FAE04EC0-301F-11D3-BF4B-00C04F79EFBC}") = "OOP_17", "OOP_17\OOP_17.csproj", "{32B5FC93-A8EF-4790-8C39-09830E48E94C}"
EndProject
Project("{FAE04EC0-301F-11D3-BF4B-00C04F79EFBC}") = "OOP_19", "OOP_19\OOP_19.csproj", "{D1FE6339-106B-43A4-A9F0-6023BE5114D2}"
EndProject
Global
	GlobalSection(SolutionConfigurationPlatforms) = preSolution
		Debug|Any CPU = Debug|Any CPU
		Release|Any CPU = Release|Any CPU
	EndGlobalSection
	GlobalSection(ProjectConfigurationPlatforms) = postSolution
		{32B5FC93-A8EF-4790-8C39-09830E48E94C}.Debug|Any CPU.ActiveCfg = Debug|Any CPU
		{32B5FC93-A8EF-4790-8C39-09830E48E94C}.Debug|Any CPU.Build.0 = Debug|Any CPU
		{32B5FC93-A8EF-4790-8C39-09830E48E94C}.Release|Any CPU.ActiveCfg = Release|Any CPU
		{32B5FC93-A8EF-4790-8C39-09830E48E94C}.Release|Any CPU.Build.0 = Release|Any CPU
		{D1FE6339-106B-43A4-A9F0-6023BE5114D2}.Debug|Any CPU.ActiveCfg = Debug|Any CPU
		{D1FE6339-106B-43A4-A9F0-6023BE5114D2}.Debug|Any CPU.Build.0 = Debug|Any CPU
		{D1FE6339-106B-43A4-A9F0-6023BE5114D2}.Release|Any CPU.ActiveCfg = Release|Any CPU
		{D1FE6339-106B-43A4-A9F0-6023BE5114D2}.Release|Any CPU.Build.0 = Release|Any CPU
	EndGlobalSection
	GlobalSection(SolutionProperties) = preSolution
		HideSolutionNode = FALSE
	EndGlobalSection
	GlobalSection(ExtensibilityGlobals) = postSolution
		SolutionGuid = {2793FF07-341D-48E0-BC3F-0BEFC221CD1B}
	EndGlobalSection
EndGlobal
