
Microsoft Visual Studio Solution File, Format Version 12.00
# Visual Studio Version 17
VisualStudioVersion = 17.5.33530.505
MinimumVisualStudioVersion = 10.0.40219.1
Project("{FAE04EC0-301F-11D3-BF4B-00C04F79EFBC}") = "OOP_9", "OOP_9\OOP_9.csproj", "{42FB39EE-B178-4AE1-8A94-681E1C0ACB68}"
EndProject
Global
	GlobalSection(SolutionConfigurationPlatforms) = preSolution
		Debug|Any CPU = Debug|Any CPU
		Release|Any CPU = Release|Any CPU
	EndGlobalSection
	GlobalSection(ProjectConfigurationPlatforms) = postSolution
		{42FB39EE-B178-4AE1-8A94-681E1C0ACB68}.Debug|Any CPU.ActiveCfg = Debug|Any CPU
		{42FB39EE-B178-4AE1-8A94-681E1C0ACB68}.Debug|Any CPU.Build.0 = Debug|Any CPU
		{42FB39EE-B178-4AE1-8A94-681E1C0ACB68}.Release|Any CPU.ActiveCfg = Release|Any CPU
		{42FB39EE-B178-4AE1-8A94-681E1C0ACB68}.Release|Any CPU.Build.0 = Release|Any CPU
	EndGlobalSection
	GlobalSection(SolutionProperties) = preSolution
		HideSolutionNode = FALSE
	EndGlobalSection
	GlobalSection(ExtensibilityGlobals) = postSolution
		SolutionGuid = {B2A0E554-5F1A-40BE-973C-8CC0B635DB12}
	EndGlobalSection
EndGlobal
